
Microsoft Visual Studio Solution File, Format Version 12.00
# Visual Studio 15
VisualStudioVersion = 15.0.28307.1062
MinimumVisualStudioVersion = 10.0.40219.1
Project("{FAE04EC0-301F-11D3-BF4B-00C04F79EFBC}") = "Ngay_thang", "Ngay_thang\Ngay_thang.csproj", "{73E8CF37-0FF5-457C-AC99-EFEE3F7D7E7D}"
EndProject
Global
	GlobalSection(SolutionConfigurationPlatforms) = preSolution
		Debug|Any CPU = Debug|Any CPU
		Release|Any CPU = Release|Any CPU
	EndGlobalSection
	GlobalSection(ProjectConfigurationPlatforms) = postSolution
		{73E8CF37-0FF5-457C-AC99-EFEE3F7D7E7D}.Debug|Any CPU.ActiveCfg = Debug|Any CPU
		{73E8CF37-0FF5-457C-AC99-EFEE3F7D7E7D}.Debug|Any CPU.Build.0 = Debug|Any CPU
		{73E8CF37-0FF5-457C-AC99-EFEE3F7D7E7D}.Release|Any CPU.ActiveCfg = Release|Any CPU
		{73E8CF37-0FF5-457C-AC99-EFEE3F7D7E7D}.Release|Any CPU.Build.0 = Release|Any CPU
	EndGlobalSection
	GlobalSection(SolutionProperties) = preSolution
		HideSolutionNode = FALSE
	EndGlobalSection
	GlobalSection(ExtensibilityGlobals) = postSolution
		SolutionGuid = {381E8CE0-B35D-4CC3-BF91-E090CC69992B}
	EndGlobalSection
EndGlobal
